
Microsoft Visual Studio Solution File, Format Version 12.00
# Visual Studio 15
VisualStudioVersion = 15.0.26730.16
MinimumVisualStudioVersion = 10.0.40219.1
Project("{FAE04EC0-301F-11D3-BF4B-00C04F79EFBC}") = "new", "new\new.csproj", "{2145FDA6-8943-497C-A9A8-35BBF58A53FA}"
EndProject
Global
	GlobalSection(SolutionConfigurationPlatforms) = preSolution
		Debug|Any CPU = Debug|Any CPU
		Release|Any CPU = Release|Any CPU
	EndGlobalSection
	GlobalSection(ProjectConfigurationPlatforms) = postSolution
		{2145FDA6-8943-497C-A9A8-35BBF58A53FA}.Debug|Any CPU.ActiveCfg = Debug|Any CPU
		{2145FDA6-8943-497C-A9A8-35BBF58A53FA}.Debug|Any CPU.Build.0 = Debug|Any CPU
		{2145FDA6-8943-497C-A9A8-35BBF58A53FA}.Release|Any CPU.ActiveCfg = Release|Any CPU
		{2145FDA6-8943-497C-A9A8-35BBF58A53FA}.Release|Any CPU.Build.0 = Release|Any CPU
	EndGlobalSection
	GlobalSection(SolutionProperties) = preSolution
		HideSolutionNode = FALSE
	EndGlobalSection
	GlobalSection(ExtensibilityGlobals) = postSolution
		SolutionGuid = {FEF8875E-2690-4EAF-AD0E-1C3FCA6D6CB2}
	EndGlobalSection
EndGlobal
