
Microsoft Visual Studio Solution File, Format Version 12.00
# Visual Studio 15
VisualStudioVersion = 15.0.26730.16
MinimumVisualStudioVersion = 10.0.40219.1
Project("{FAE04EC0-301F-11D3-BF4B-00C04F79EFBC}") = "Sortedlistexample", "Sortedlistexample\Sortedlistexample.csproj", "{865083F6-8F8E-446E-86AF-EA719F47B27B}"
EndProject
Global
	GlobalSection(SolutionConfigurationPlatforms) = preSolution
		Debug|Any CPU = Debug|Any CPU
		Release|Any CPU = Release|Any CPU
	EndGlobalSection
	GlobalSection(ProjectConfigurationPlatforms) = postSolution
		{865083F6-8F8E-446E-86AF-EA719F47B27B}.Debug|Any CPU.ActiveCfg = Debug|Any CPU
		{865083F6-8F8E-446E-86AF-EA719F47B27B}.Debug|Any CPU.Build.0 = Debug|Any CPU
		{865083F6-8F8E-446E-86AF-EA719F47B27B}.Release|Any CPU.ActiveCfg = Release|Any CPU
		{865083F6-8F8E-446E-86AF-EA719F47B27B}.Release|Any CPU.Build.0 = Release|Any CPU
	EndGlobalSection
	GlobalSection(SolutionProperties) = preSolution
		HideSolutionNode = FALSE
	EndGlobalSection
	GlobalSection(ExtensibilityGlobals) = postSolution
		SolutionGuid = {6B1217DA-31D5-471D-A864-2587A2D92172}
	EndGlobalSection
EndGlobal
