
Microsoft Visual Studio Solution File, Format Version 12.00
# Visual Studio 15
VisualStudioVersion = 15.0.26730.16
MinimumVisualStudioVersion = 10.0.40219.1
Project("{FAE04EC0-301F-11D3-BF4B-00C04F79EFBC}") = "dbfirsttak1", "dbfirsttak1\dbfirsttak1.csproj", "{2DF8B25F-A1FC-4F82-B477-5E0BF6087A39}"
EndProject
Global
	GlobalSection(SolutionConfigurationPlatforms) = preSolution
		Debug|Any CPU = Debug|Any CPU
		Release|Any CPU = Release|Any CPU
	EndGlobalSection
	GlobalSection(ProjectConfigurationPlatforms) = postSolution
		{2DF8B25F-A1FC-4F82-B477-5E0BF6087A39}.Debug|Any CPU.ActiveCfg = Debug|Any CPU
		{2DF8B25F-A1FC-4F82-B477-5E0BF6087A39}.Debug|Any CPU.Build.0 = Debug|Any CPU
		{2DF8B25F-A1FC-4F82-B477-5E0BF6087A39}.Release|Any CPU.ActiveCfg = Release|Any CPU
		{2DF8B25F-A1FC-4F82-B477-5E0BF6087A39}.Release|Any CPU.Build.0 = Release|Any CPU
	EndGlobalSection
	GlobalSection(SolutionProperties) = preSolution
		HideSolutionNode = FALSE
	EndGlobalSection
	GlobalSection(ExtensibilityGlobals) = postSolution
		SolutionGuid = {06E070AB-C618-4E0E-BAE4-67B109854B27}
	EndGlobalSection
EndGlobal
