
Microsoft Visual Studio Solution File, Format Version 12.00
# Visual Studio 15
VisualStudioVersion = 15.0.26730.16
MinimumVisualStudioVersion = 10.0.40219.1
Project("{FAE04EC0-301F-11D3-BF4B-00C04F79EFBC}") = "queryexample", "queryexample\queryexample.csproj", "{F29673D5-2004-49CA-AE25-B7ADE461C98A}"
EndProject
Global
	GlobalSection(SolutionConfigurationPlatforms) = preSolution
		Debug|Any CPU = Debug|Any CPU
		Release|Any CPU = Release|Any CPU
	EndGlobalSection
	GlobalSection(ProjectConfigurationPlatforms) = postSolution
		{F29673D5-2004-49CA-AE25-B7ADE461C98A}.Debug|Any CPU.ActiveCfg = Debug|Any CPU
		{F29673D5-2004-49CA-AE25-B7ADE461C98A}.Debug|Any CPU.Build.0 = Debug|Any CPU
		{F29673D5-2004-49CA-AE25-B7ADE461C98A}.Release|Any CPU.ActiveCfg = Release|Any CPU
		{F29673D5-2004-49CA-AE25-B7ADE461C98A}.Release|Any CPU.Build.0 = Release|Any CPU
	EndGlobalSection
	GlobalSection(SolutionProperties) = preSolution
		HideSolutionNode = FALSE
	EndGlobalSection
	GlobalSection(ExtensibilityGlobals) = postSolution
		SolutionGuid = {838BFF75-538F-4D74-A13D-B70EC6487E2E}
	EndGlobalSection
EndGlobal
