
Microsoft Visual Studio Solution File, Format Version 12.00
# Visual Studio 15
VisualStudioVersion = 15.0.26730.16
MinimumVisualStudioVersion = 10.0.40219.1
Project("{FAE04EC0-301F-11D3-BF4B-00C04F79EFBC}") = "Webapplicationstudent", "Webapplicationstudent\Webapplicationstudent.csproj", "{38268E38-885E-4CD2-BFC9-AD913BB7A981}"
EndProject
Global
	GlobalSection(SolutionConfigurationPlatforms) = preSolution
		Debug|Any CPU = Debug|Any CPU
		Release|Any CPU = Release|Any CPU
	EndGlobalSection
	GlobalSection(ProjectConfigurationPlatforms) = postSolution
		{38268E38-885E-4CD2-BFC9-AD913BB7A981}.Debug|Any CPU.ActiveCfg = Debug|Any CPU
		{38268E38-885E-4CD2-BFC9-AD913BB7A981}.Debug|Any CPU.Build.0 = Debug|Any CPU
		{38268E38-885E-4CD2-BFC9-AD913BB7A981}.Release|Any CPU.ActiveCfg = Release|Any CPU
		{38268E38-885E-4CD2-BFC9-AD913BB7A981}.Release|Any CPU.Build.0 = Release|Any CPU
	EndGlobalSection
	GlobalSection(SolutionProperties) = preSolution
		HideSolutionNode = FALSE
	EndGlobalSection
	GlobalSection(ExtensibilityGlobals) = postSolution
		SolutionGuid = {69C0E8F0-3F62-4811-BF08-BC910103E169}
	EndGlobalSection
EndGlobal
