
Microsoft Visual Studio Solution File, Format Version 12.00
# Visual Studio 15
VisualStudioVersion = 15.0.26730.16
MinimumVisualStudioVersion = 10.0.40219.1
Project("{FAE04EC0-301F-11D3-BF4B-00C04F79EFBC}") = "ConsoleApp1", "ConsoleApp1\ConsoleApp1.csproj", "{8DC6B665-8BF6-4807-8A96-0C365B2CE16C}"
EndProject
Global
	GlobalSection(SolutionConfigurationPlatforms) = preSolution
		Debug|Any CPU = Debug|Any CPU
		Release|Any CPU = Release|Any CPU
	EndGlobalSection
	GlobalSection(ProjectConfigurationPlatforms) = postSolution
		{8DC6B665-8BF6-4807-8A96-0C365B2CE16C}.Debug|Any CPU.ActiveCfg = Debug|Any CPU
		{8DC6B665-8BF6-4807-8A96-0C365B2CE16C}.Debug|Any CPU.Build.0 = Debug|Any CPU
		{8DC6B665-8BF6-4807-8A96-0C365B2CE16C}.Release|Any CPU.ActiveCfg = Release|Any CPU
		{8DC6B665-8BF6-4807-8A96-0C365B2CE16C}.Release|Any CPU.Build.0 = Release|Any CPU
	EndGlobalSection
	GlobalSection(SolutionProperties) = preSolution
		HideSolutionNode = FALSE
	EndGlobalSection
	GlobalSection(ExtensibilityGlobals) = postSolution
		SolutionGuid = {590C140C-8DA1-489E-84C8-A7306F0383BE}
	EndGlobalSection
EndGlobal
