
Microsoft Visual Studio Solution File, Format Version 12.00
# Visual Studio 15
VisualStudioVersion = 15.0.26730.16
MinimumVisualStudioVersion = 10.0.40219.1
Project("{FAE04EC0-301F-11D3-BF4B-00C04F79EFBC}") = "ExtentionMethod", "ExtentionMethod\ExtentionMethod.csproj", "{026CAD58-86C6-4E89-918A-C87D8FA6F826}"
EndProject
Global
	GlobalSection(SolutionConfigurationPlatforms) = preSolution
		Debug|Any CPU = Debug|Any CPU
		Release|Any CPU = Release|Any CPU
	EndGlobalSection
	GlobalSection(ProjectConfigurationPlatforms) = postSolution
		{026CAD58-86C6-4E89-918A-C87D8FA6F826}.Debug|Any CPU.ActiveCfg = Debug|Any CPU
		{026CAD58-86C6-4E89-918A-C87D8FA6F826}.Debug|Any CPU.Build.0 = Debug|Any CPU
		{026CAD58-86C6-4E89-918A-C87D8FA6F826}.Release|Any CPU.ActiveCfg = Release|Any CPU
		{026CAD58-86C6-4E89-918A-C87D8FA6F826}.Release|Any CPU.Build.0 = Release|Any CPU
	EndGlobalSection
	GlobalSection(SolutionProperties) = preSolution
		HideSolutionNode = FALSE
	EndGlobalSection
	GlobalSection(ExtensibilityGlobals) = postSolution
		SolutionGuid = {1B298B41-A045-45AB-B937-245D3053EE8A}
	EndGlobalSection
EndGlobal
