
Microsoft Visual Studio Solution File, Format Version 12.00
# Visual Studio 15
VisualStudioVersion = 15.0.26730.16
MinimumVisualStudioVersion = 10.0.40219.1
Project("{FAE04EC0-301F-11D3-BF4B-00C04F79EFBC}") = "Stack_prgm", "Stack_prgm\Stack_prgm.csproj", "{5CD709BC-31C7-4423-A507-36CA3FA4B153}"
EndProject
Global
	GlobalSection(SolutionConfigurationPlatforms) = preSolution
		Debug|Any CPU = Debug|Any CPU
		Release|Any CPU = Release|Any CPU
	EndGlobalSection
	GlobalSection(ProjectConfigurationPlatforms) = postSolution
		{5CD709BC-31C7-4423-A507-36CA3FA4B153}.Debug|Any CPU.ActiveCfg = Debug|Any CPU
		{5CD709BC-31C7-4423-A507-36CA3FA4B153}.Debug|Any CPU.Build.0 = Debug|Any CPU
		{5CD709BC-31C7-4423-A507-36CA3FA4B153}.Release|Any CPU.ActiveCfg = Release|Any CPU
		{5CD709BC-31C7-4423-A507-36CA3FA4B153}.Release|Any CPU.Build.0 = Release|Any CPU
	EndGlobalSection
	GlobalSection(SolutionProperties) = preSolution
		HideSolutionNode = FALSE
	EndGlobalSection
	GlobalSection(ExtensibilityGlobals) = postSolution
		SolutionGuid = {DC2EA6F3-C424-4508-A4DC-CEB10D044B74}
	EndGlobalSection
EndGlobal
