
Microsoft Visual Studio Solution File, Format Version 12.00
# Visual Studio 15
VisualStudioVersion = 15.0.26730.16
MinimumVisualStudioVersion = 10.0.40219.1
Project("{FAE04EC0-301F-11D3-BF4B-00C04F79EFBC}") = "Dbfirstconsoleapp", "Dbfirstconsoleapp\Dbfirstconsoleapp.csproj", "{4D8338D1-904E-4881-8BD6-46DEDA2B0DFE}"
EndProject
Global
	GlobalSection(SolutionConfigurationPlatforms) = preSolution
		Debug|Any CPU = Debug|Any CPU
		Release|Any CPU = Release|Any CPU
	EndGlobalSection
	GlobalSection(ProjectConfigurationPlatforms) = postSolution
		{4D8338D1-904E-4881-8BD6-46DEDA2B0DFE}.Debug|Any CPU.ActiveCfg = Debug|Any CPU
		{4D8338D1-904E-4881-8BD6-46DEDA2B0DFE}.Debug|Any CPU.Build.0 = Debug|Any CPU
		{4D8338D1-904E-4881-8BD6-46DEDA2B0DFE}.Release|Any CPU.ActiveCfg = Release|Any CPU
		{4D8338D1-904E-4881-8BD6-46DEDA2B0DFE}.Release|Any CPU.Build.0 = Release|Any CPU
	EndGlobalSection
	GlobalSection(SolutionProperties) = preSolution
		HideSolutionNode = FALSE
	EndGlobalSection
	GlobalSection(ExtensibilityGlobals) = postSolution
		SolutionGuid = {4C385D59-3E6E-42A2-9F15-2449E399391B}
	EndGlobalSection
EndGlobal
