
Microsoft Visual Studio Solution File, Format Version 12.00
# Visual Studio 15
VisualStudioVersion = 15.0.26730.16
MinimumVisualStudioVersion = 10.0.40219.1
Project("{FAE04EC0-301F-11D3-BF4B-00C04F79EFBC}") = "function", "function\function.csproj", "{6126D6F3-B9AA-4296-B65F-82A1655E39A8}"
EndProject
Global
	GlobalSection(SolutionConfigurationPlatforms) = preSolution
		Debug|Any CPU = Debug|Any CPU
		Release|Any CPU = Release|Any CPU
	EndGlobalSection
	GlobalSection(ProjectConfigurationPlatforms) = postSolution
		{6126D6F3-B9AA-4296-B65F-82A1655E39A8}.Debug|Any CPU.ActiveCfg = Debug|Any CPU
		{6126D6F3-B9AA-4296-B65F-82A1655E39A8}.Debug|Any CPU.Build.0 = Debug|Any CPU
		{6126D6F3-B9AA-4296-B65F-82A1655E39A8}.Release|Any CPU.ActiveCfg = Release|Any CPU
		{6126D6F3-B9AA-4296-B65F-82A1655E39A8}.Release|Any CPU.Build.0 = Release|Any CPU
	EndGlobalSection
	GlobalSection(SolutionProperties) = preSolution
		HideSolutionNode = FALSE
	EndGlobalSection
	GlobalSection(ExtensibilityGlobals) = postSolution
		SolutionGuid = {F38A3F1E-D079-425E-9A96-AD3A0D01F713}
	EndGlobalSection
EndGlobal
