
Microsoft Visual Studio Solution File, Format Version 12.00
# Visual Studio 15
VisualStudioVersion = 15.0.26730.16
MinimumVisualStudioVersion = 10.0.40219.1
Project("{FAE04EC0-301F-11D3-BF4B-00C04F79EFBC}") = "Fileexample", "Fileexample\Fileexample.csproj", "{467FF1FC-855E-458F-9F2C-B5F59970AAFC}"
EndProject
Global
	GlobalSection(SolutionConfigurationPlatforms) = preSolution
		Debug|Any CPU = Debug|Any CPU
		Release|Any CPU = Release|Any CPU
	EndGlobalSection
	GlobalSection(ProjectConfigurationPlatforms) = postSolution
		{467FF1FC-855E-458F-9F2C-B5F59970AAFC}.Debug|Any CPU.ActiveCfg = Debug|Any CPU
		{467FF1FC-855E-458F-9F2C-B5F59970AAFC}.Debug|Any CPU.Build.0 = Debug|Any CPU
		{467FF1FC-855E-458F-9F2C-B5F59970AAFC}.Release|Any CPU.ActiveCfg = Release|Any CPU
		{467FF1FC-855E-458F-9F2C-B5F59970AAFC}.Release|Any CPU.Build.0 = Release|Any CPU
	EndGlobalSection
	GlobalSection(SolutionProperties) = preSolution
		HideSolutionNode = FALSE
	EndGlobalSection
	GlobalSection(ExtensibilityGlobals) = postSolution
		SolutionGuid = {7EBBB94A-CFCA-4CAB-AD30-E77CD6BEDEB9}
	EndGlobalSection
EndGlobal
