
Microsoft Visual Studio Solution File, Format Version 12.00
# Visual Studio 15
VisualStudioVersion = 15.0.26730.16
MinimumVisualStudioVersion = 10.0.40219.1
Project("{FAE04EC0-301F-11D3-BF4B-00C04F79EFBC}") = "controlstructures", "controlstructures\controlstructures.csproj", "{B4C8139C-68F3-4565-9885-3A790C1EFFF9}"
EndProject
Global
	GlobalSection(SolutionConfigurationPlatforms) = preSolution
		Debug|Any CPU = Debug|Any CPU
		Release|Any CPU = Release|Any CPU
	EndGlobalSection
	GlobalSection(ProjectConfigurationPlatforms) = postSolution
		{B4C8139C-68F3-4565-9885-3A790C1EFFF9}.Debug|Any CPU.ActiveCfg = Debug|Any CPU
		{B4C8139C-68F3-4565-9885-3A790C1EFFF9}.Debug|Any CPU.Build.0 = Debug|Any CPU
		{B4C8139C-68F3-4565-9885-3A790C1EFFF9}.Release|Any CPU.ActiveCfg = Release|Any CPU
		{B4C8139C-68F3-4565-9885-3A790C1EFFF9}.Release|Any CPU.Build.0 = Release|Any CPU
	EndGlobalSection
	GlobalSection(SolutionProperties) = preSolution
		HideSolutionNode = FALSE
	EndGlobalSection
	GlobalSection(ExtensibilityGlobals) = postSolution
		SolutionGuid = {CD26ADDB-68F7-426D-9DFA-C660A65DEFD2}
	EndGlobalSection
EndGlobal
