
Microsoft Visual Studio Solution File, Format Version 12.00
# Visual Studio 15
VisualStudioVersion = 15.0.26730.16
MinimumVisualStudioVersion = 10.0.40219.1
Project("{FAE04EC0-301F-11D3-BF4B-00C04F79EFBC}") = "idimarrayemp", "idimarrayemp\idimarrayemp.csproj", "{5968534B-665D-4D5B-979A-5BDB15E217FC}"
EndProject
Global
	GlobalSection(SolutionConfigurationPlatforms) = preSolution
		Debug|Any CPU = Debug|Any CPU
		Release|Any CPU = Release|Any CPU
	EndGlobalSection
	GlobalSection(ProjectConfigurationPlatforms) = postSolution
		{5968534B-665D-4D5B-979A-5BDB15E217FC}.Debug|Any CPU.ActiveCfg = Debug|Any CPU
		{5968534B-665D-4D5B-979A-5BDB15E217FC}.Debug|Any CPU.Build.0 = Debug|Any CPU
		{5968534B-665D-4D5B-979A-5BDB15E217FC}.Release|Any CPU.ActiveCfg = Release|Any CPU
		{5968534B-665D-4D5B-979A-5BDB15E217FC}.Release|Any CPU.Build.0 = Release|Any CPU
	EndGlobalSection
	GlobalSection(SolutionProperties) = preSolution
		HideSolutionNode = FALSE
	EndGlobalSection
	GlobalSection(ExtensibilityGlobals) = postSolution
		SolutionGuid = {9896156B-03D6-4C0D-8B63-67873D93C81E}
	EndGlobalSection
EndGlobal
